// !$*UTF8*$!
{
	archiveVersion = 1;
	classes = {
	};
	objectVersion = 50;
	objects = {

/* Begin PBXBuildFile section */
		3F7076A020FA009100379EBD /* AppDelegate.swift in Sources */ = {isa = PBXBuildFile; fileRef = 3F70769F20FA009100379EBD /* AppDelegate.swift */; };
		3F7076A220FA009100379EBD /* MainViewController.swift in Sources */ = {isa = PBXBuildFile; fileRef = 3F7076A120FA009100379EBD /* MainViewController.swift */; };
		3F7076A520FA009100379EBD /* Main.storyboard in Resources */ = {isa = PBXBuildFile; fileRef = 3F7076A320FA009100379EBD /* Main.storyboard */; };
		3F7076A720FA009200379EBD /* Assets.xcassets in Resources */ = {isa = PBXBuildFile; fileRef = 3F7076A620FA009200379EBD /* Assets.xcassets */; };
		3F7076AA20FA009200379EBD /* LaunchScreen.storyboard in Resources */ = {isa = PBXBuildFile; fileRef = 3F7076A820FA009200379EBD /* LaunchScreen.storyboard */; };
		3F7076B520FA009200379EBD /* iTunesSearchTests.swift in Sources */ = {isa = PBXBuildFile; fileRef = 3F7076B420FA009200379EBD /* iTunesSearchTests.swift */; };
		3F7076C020FA009300379EBD /* iTunesSearchUITests.swift in Sources */ = {isa = PBXBuildFile; fileRef = 3F7076BF20FA009300379EBD /* iTunesSearchUITests.swift */; };
		3F7076D220FA094600379EBD /* SearchCollectionViewCell.swift in Sources */ = {isa = PBXBuildFile; fileRef = 3F7076D120FA094600379EBD /* SearchCollectionViewCell.swift */; };
		3F7076DE20FB614900379EBD /* JSONSerializable.swift in Sources */ = {isa = PBXBuildFile; fileRef = 3F7076DD20FB614900379EBD /* JSONSerializable.swift */; };
		3F7076E320FB64EF00379EBD /* UserDefaultsHelper.swift in Sources */ = {isa = PBXBuildFile; fileRef = 3F7076E220FB64EF00379EBD /* UserDefaultsHelper.swift */; };
		3F7076E520FB680300379EBD /* Enums.swift in Sources */ = {isa = PBXBuildFile; fileRef = 3F7076E420FB680300379EBD /* Enums.swift */; };
		3F7076EC20FB94E700379EBD /* Constants.swift in Sources */ = {isa = PBXBuildFile; fileRef = 3F7076EB20FB94E700379EBD /* Constants.swift */; };
		3F7076EF20FB99D200379EBD /* SearchDataService.swift in Sources */ = {isa = PBXBuildFile; fileRef = 3F7076EE20FB99D200379EBD /* SearchDataService.swift */; };
		3F7076F120FB9C3800379EBD /* ResultItem.swift in Sources */ = {isa = PBXBuildFile; fileRef = 3F7076F020FB9C3800379EBD /* ResultItem.swift */; };
		3F7076F320FB9DD300379EBD /* Response.swift in Sources */ = {isa = PBXBuildFile; fileRef = 3F7076F220FB9DD300379EBD /* Response.swift */; };
		3F7076F720FD4D3000379EBD /* Extensions.swift in Sources */ = {isa = PBXBuildFile; fileRef = 3F7076F620FD4D3000379EBD /* Extensions.swift */; };
		3F833A4620FE89D8007FAA6B /* ImageUtility.swift in Sources */ = {isa = PBXBuildFile; fileRef = 3F833A4520FE89D8007FAA6B /* ImageUtility.swift */; };
		3F833A4820FE97BB007FAA6B /* DetailViewController.swift in Sources */ = {isa = PBXBuildFile; fileRef = 3F833A4720FE97BB007FAA6B /* DetailViewController.swift */; };
		3F833A4A20FEB9AE007FAA6B /* DateTimeUtils.swift in Sources */ = {isa = PBXBuildFile; fileRef = 3F833A4920FEB9AE007FAA6B /* DateTimeUtils.swift */; };
		3F833A4F20FED8D1007FAA6B /* Localizable.strings in Resources */ = {isa = PBXBuildFile; fileRef = 3F833A4D20FED8D1007FAA6B /* Localizable.strings */; };
/* End PBXBuildFile section */

/* Begin PBXContainerItemProxy section */
		3F7076B120FA009200379EBD /* PBXContainerItemProxy */ = {
			isa = PBXContainerItemProxy;
			containerPortal = 3F70769420FA009100379EBD /* Project object */;
			proxyType = 1;
			remoteGlobalIDString = 3F70769B20FA009100379EBD;
			remoteInfo = iTunesSearch;
		};
		3F7076BC20FA009300379EBD /* PBXContainerItemProxy */ = {
			isa = PBXContainerItemProxy;
			containerPortal = 3F70769420FA009100379EBD /* Project object */;
			proxyType = 1;
			remoteGlobalIDString = 3F70769B20FA009100379EBD;
			remoteInfo = iTunesSearch;
		};
/* End PBXContainerItemProxy section */

/* Begin PBXFileReference section */
		3F70769C20FA009100379EBD /* iTunesSearch.app */ = {isa = PBXFileReference; explicitFileType = wrapper.application; includeInIndex = 0; path = iTunesSearch.app; sourceTree = BUILT_PRODUCTS_DIR; };
		3F70769F20FA009100379EBD /* AppDelegate.swift */ = {isa = PBXFileReference; lastKnownFileType = sourcecode.swift; path = AppDelegate.swift; sourceTree = "<group>"; };
		3F7076A120FA009100379EBD /* MainViewController.swift */ = {isa = PBXFileReference; lastKnownFileType = sourcecode.swift; path = MainViewController.swift; sourceTree = "<group>"; };
		3F7076A420FA009100379EBD /* Base */ = {isa = PBXFileReference; lastKnownFileType = file.storyboard; name = Base; path = Base.lproj/Main.storyboard; sourceTree = "<group>"; };
		3F7076A620FA009200379EBD /* Assets.xcassets */ = {isa = PBXFileReference; lastKnownFileType = folder.assetcatalog; path = Assets.xcassets; sourceTree = "<group>"; };
		3F7076A920FA009200379EBD /* Base */ = {isa = PBXFileReference; lastKnownFileType = file.storyboard; name = Base; path = Base.lproj/LaunchScreen.storyboard; sourceTree = "<group>"; };
		3F7076AB20FA009200379EBD /* Info.plist */ = {isa = PBXFileReference; lastKnownFileType = text.plist.xml; path = Info.plist; sourceTree = "<group>"; };
		3F7076B020FA009200379EBD /* iTunesSearchTests.xctest */ = {isa = PBXFileReference; explicitFileType = wrapper.cfbundle; includeInIndex = 0; path = iTunesSearchTests.xctest; sourceTree = BUILT_PRODUCTS_DIR; };
		3F7076B420FA009200379EBD /* iTunesSearchTests.swift */ = {isa = PBXFileReference; lastKnownFileType = sourcecode.swift; path = iTunesSearchTests.swift; sourceTree = "<group>"; };
		3F7076B620FA009300379EBD /* Info.plist */ = {isa = PBXFileReference; lastKnownFileType = text.plist.xml; path = Info.plist; sourceTree = "<group>"; };
		3F7076BB20FA009300379EBD /* iTunesSearchUITests.xctest */ = {isa = PBXFileReference; explicitFileType = wrapper.cfbundle; includeInIndex = 0; path = iTunesSearchUITests.xctest; sourceTree = BUILT_PRODUCTS_DIR; };
		3F7076BF20FA009300379EBD /* iTunesSearchUITests.swift */ = {isa = PBXFileReference; lastKnownFileType = sourcecode.swift; path = iTunesSearchUITests.swift; sourceTree = "<group>"; };
		3F7076C120FA009300379EBD /* Info.plist */ = {isa = PBXFileReference; lastKnownFileType = text.plist.xml; path = Info.plist; sourceTree = "<group>"; };
		3F7076D120FA094600379EBD /* SearchCollectionViewCell.swift */ = {isa = PBXFileReference; lastKnownFileType = sourcecode.swift; path = SearchCollectionViewCell.swift; sourceTree = "<group>"; };
		3F7076DD20FB614900379EBD /* JSONSerializable.swift */ = {isa = PBXFileReference; lastKnownFileType = sourcecode.swift; path = JSONSerializable.swift; sourceTree = "<group>"; };
		3F7076E220FB64EF00379EBD /* UserDefaultsHelper.swift */ = {isa = PBXFileReference; lastKnownFileType = sourcecode.swift; path = UserDefaultsHelper.swift; sourceTree = "<group>"; };
		3F7076E420FB680300379EBD /* Enums.swift */ = {isa = PBXFileReference; lastKnownFileType = sourcecode.swift; path = Enums.swift; sourceTree = "<group>"; };
		3F7076EB20FB94E700379EBD /* Constants.swift */ = {isa = PBXFileReference; lastKnownFileType = sourcecode.swift; path = Constants.swift; sourceTree = "<group>"; };
		3F7076EE20FB99D200379EBD /* SearchDataService.swift */ = {isa = PBXFileReference; lastKnownFileType = sourcecode.swift; path = SearchDataService.swift; sourceTree = "<group>"; };
		3F7076F020FB9C3800379EBD /* ResultItem.swift */ = {isa = PBXFileReference; lastKnownFileType = sourcecode.swift; path = ResultItem.swift; sourceTree = "<group>"; };
		3F7076F220FB9DD300379EBD /* Response.swift */ = {isa = PBXFileReference; lastKnownFileType = sourcecode.swift; path = Response.swift; sourceTree = "<group>"; };
		3F7076F620FD4D3000379EBD /* Extensions.swift */ = {isa = PBXFileReference; lastKnownFileType = sourcecode.swift; path = Extensions.swift; sourceTree = "<group>"; };
		3F833A4520FE89D8007FAA6B /* ImageUtility.swift */ = {isa = PBXFileReference; lastKnownFileType = sourcecode.swift; path = ImageUtility.swift; sourceTree = "<group>"; };
		3F833A4720FE97BB007FAA6B /* DetailViewController.swift */ = {isa = PBXFileReference; lastKnownFileType = sourcecode.swift; path = DetailViewController.swift; sourceTree = "<group>"; };
		3F833A4920FEB9AE007FAA6B /* DateTimeUtils.swift */ = {isa = PBXFileReference; lastKnownFileType = sourcecode.swift; path = DateTimeUtils.swift; sourceTree = "<group>"; };
		3F833A4E20FED8D1007FAA6B /* Base */ = {isa = PBXFileReference; lastKnownFileType = text.plist.strings; name = Base; path = iTunesSearch/Base.lproj/Localizable.strings; sourceTree = "<group>"; };
/* End PBXFileReference section */

/* Begin PBXFrameworksBuildPhase section */
		3F70769920FA009100379EBD /* Frameworks */ = {
			isa = PBXFrameworksBuildPhase;
			buildActionMask = 2147483647;
			files = (
			);
			runOnlyForDeploymentPostprocessing = 0;
		};
		3F7076AD20FA009200379EBD /* Frameworks */ = {
			isa = PBXFrameworksBuildPhase;
			buildActionMask = 2147483647;
			files = (
			);
			runOnlyForDeploymentPostprocessing = 0;
		};
		3F7076B820FA009300379EBD /* Frameworks */ = {
			isa = PBXFrameworksBuildPhase;
			buildActionMask = 2147483647;
			files = (
			);
			runOnlyForDeploymentPostprocessing = 0;
		};
/* End PBXFrameworksBuildPhase section */

/* Begin PBXGroup section */
		3F70769320FA009100379EBD = {
			isa = PBXGroup;
			children = (
				3F70769E20FA009100379EBD /* iTunesSearch */,
				3F833A4D20FED8D1007FAA6B /* Localizable.strings */,
				3F7076B320FA009200379EBD /* iTunesSearchTests */,
				3F7076BE20FA009300379EBD /* iTunesSearchUITests */,
				3F70769D20FA009100379EBD /* Products */,
			);
			sourceTree = "<group>";
		};
		3F70769D20FA009100379EBD /* Products */ = {
			isa = PBXGroup;
			children = (
				3F70769C20FA009100379EBD /* iTunesSearch.app */,
				3F7076B020FA009200379EBD /* iTunesSearchTests.xctest */,
				3F7076BB20FA009300379EBD /* iTunesSearchUITests.xctest */,
			);
			name = Products;
			sourceTree = "<group>";
		};
		3F70769E20FA009100379EBD /* iTunesSearch */ = {
			isa = PBXGroup;
			children = (
				3F7076ED20FB99BD00379EBD /* DataServices */,
				3F7076E120FB64E200379EBD /* Helpers */,
				3F7076DC20FB609A00379EBD /* Utilities */,
				3F7076CF20FA091300379EBD /* Views */,
				3F7076CE20FA019200379EBD /* Models */,
				3F7076CD20FA018900379EBD /* Controllers */,
				3F70769F20FA009100379EBD /* AppDelegate.swift */,
				3F7076A320FA009100379EBD /* Main.storyboard */,
				3F7076A620FA009200379EBD /* Assets.xcassets */,
				3F7076A820FA009200379EBD /* LaunchScreen.storyboard */,
				3F7076AB20FA009200379EBD /* Info.plist */,
				3F7076EB20FB94E700379EBD /* Constants.swift */,
			);
			path = iTunesSearch;
			sourceTree = "<group>";
		};
		3F7076B320FA009200379EBD /* iTunesSearchTests */ = {
			isa = PBXGroup;
			children = (
				3F7076B420FA009200379EBD /* iTunesSearchTests.swift */,
				3F7076B620FA009300379EBD /* Info.plist */,
			);
			path = iTunesSearchTests;
			sourceTree = "<group>";
		};
		3F7076BE20FA009300379EBD /* iTunesSearchUITests */ = {
			isa = PBXGroup;
			children = (
				3F7076BF20FA009300379EBD /* iTunesSearchUITests.swift */,
				3F7076C120FA009300379EBD /* Info.plist */,
			);
			path = iTunesSearchUITests;
			sourceTree = "<group>";
		};
		3F7076CD20FA018900379EBD /* Controllers */ = {
			isa = PBXGroup;
			children = (
				3F7076A120FA009100379EBD /* MainViewController.swift */,
				3F833A4720FE97BB007FAA6B /* DetailViewController.swift */,
			);
			path = Controllers;
			sourceTree = "<group>";
		};
		3F7076CE20FA019200379EBD /* Models */ = {
			isa = PBXGroup;
			children = (
				3F7076F020FB9C3800379EBD /* ResultItem.swift */,
				3F7076F220FB9DD300379EBD /* Response.swift */,
			);
			path = Models;
			sourceTree = "<group>";
		};
		3F7076CF20FA091300379EBD /* Views */ = {
			isa = PBXGroup;
			children = (
				3F7076D020FA091C00379EBD /* CollectionViewCells */,
			);
			path = Views;
			sourceTree = "<group>";
		};
		3F7076D020FA091C00379EBD /* CollectionViewCells */ = {
			isa = PBXGroup;
			children = (
				3F7076D120FA094600379EBD /* SearchCollectionViewCell.swift */,
			);
			path = CollectionViewCells;
			sourceTree = "<group>";
		};
		3F7076DC20FB609A00379EBD /* Utilities */ = {
			isa = PBXGroup;
			children = (
				3F7076DD20FB614900379EBD /* JSONSerializable.swift */,
				3F7076F620FD4D3000379EBD /* Extensions.swift */,
				3F833A4520FE89D8007FAA6B /* ImageUtility.swift */,
				3F833A4920FEB9AE007FAA6B /* DateTimeUtils.swift */,
			);
			path = Utilities;
			sourceTree = "<group>";
		};
		3F7076E120FB64E200379EBD /* Helpers */ = {
			isa = PBXGroup;
			children = (
				3F7076E220FB64EF00379EBD /* UserDefaultsHelper.swift */,
				3F7076E420FB680300379EBD /* Enums.swift */,
			);
			path = Helpers;
			sourceTree = "<group>";
		};
		3F7076ED20FB99BD00379EBD /* DataServices */ = {
			isa = PBXGroup;
			children = (
				3F7076EE20FB99D200379EBD /* SearchDataService.swift */,
			);
			path = DataServices;
			sourceTree = "<group>";
		};
/* End PBXGroup section */

/* Begin PBXNativeTarget section */
		3F70769B20FA009100379EBD /* iTunesSearch */ = {
			isa = PBXNativeTarget;
			buildConfigurationList = 3F7076C420FA009300379EBD /* Build configuration list for PBXNativeTarget "iTunesSearch" */;
			buildPhases = (
				3F70769820FA009100379EBD /* Sources */,
				3F70769920FA009100379EBD /* Frameworks */,
				3F70769A20FA009100379EBD /* Resources */,
			);
			buildRules = (
			);
			dependencies = (
			);
			name = iTunesSearch;
			productName = iTunesSearch;
			productReference = 3F70769C20FA009100379EBD /* iTunesSearch.app */;
			productType = "com.apple.product-type.application";
		};
		3F7076AF20FA009200379EBD /* iTunesSearchTests */ = {
			isa = PBXNativeTarget;
			buildConfigurationList = 3F7076C720FA009300379EBD /* Build configuration list for PBXNativeTarget "iTunesSearchTests" */;
			buildPhases = (
				3F7076AC20FA009200379EBD /* Sources */,
				3F7076AD20FA009200379EBD /* Frameworks */,
				3F7076AE20FA009200379EBD /* Resources */,
			);
			buildRules = (
			);
			dependencies = (
				3F7076B220FA009200379EBD /* PBXTargetDependency */,
			);
			name = iTunesSearchTests;
			productName = iTunesSearchTests;
			productReference = 3F7076B020FA009200379EBD /* iTunesSearchTests.xctest */;
			productType = "com.apple.product-type.bundle.unit-test";
		};
		3F7076BA20FA009300379EBD /* iTunesSearchUITests */ = {
			isa = PBXNativeTarget;
			buildConfigurationList = 3F7076CA20FA009300379EBD /* Build configuration list for PBXNativeTarget "iTunesSearchUITests" */;
			buildPhases = (
				3F7076B720FA009300379EBD /* Sources */,
				3F7076B820FA009300379EBD /* Frameworks */,
				3F7076B920FA009300379EBD /* Resources */,
			);
			buildRules = (
			);
			dependencies = (
				3F7076BD20FA009300379EBD /* PBXTargetDependency */,
			);
			name = iTunesSearchUITests;
			productName = iTunesSearchUITests;
			productReference = 3F7076BB20FA009300379EBD /* iTunesSearchUITests.xctest */;
			productType = "com.apple.product-type.bundle.ui-testing";
		};
/* End PBXNativeTarget section */

/* Begin PBXProject section */
		3F70769420FA009100379EBD /* Project object */ = {
			isa = PBXProject;
			attributes = {
				LastSwiftUpdateCheck = 0930;
				LastUpgradeCheck = 0930;
				ORGANIZATIONNAME = "Mehmet Çakır";
				TargetAttributes = {
					3F70769B20FA009100379EBD = {
						CreatedOnToolsVersion = 9.3;
					};
					3F7076AF20FA009200379EBD = {
						CreatedOnToolsVersion = 9.3;
						TestTargetID = 3F70769B20FA009100379EBD;
					};
					3F7076BA20FA009300379EBD = {
						CreatedOnToolsVersion = 9.3;
						TestTargetID = 3F70769B20FA009100379EBD;
					};
				};
			};
			buildConfigurationList = 3F70769720FA009100379EBD /* Build configuration list for PBXProject "iTunesSearch" */;
			compatibilityVersion = "Xcode 9.3";
			developmentRegion = en;
			hasScannedForEncodings = 0;
			knownRegions = (
				en,
				Base,
			);
			mainGroup = 3F70769320FA009100379EBD;
			productRefGroup = 3F70769D20FA009100379EBD /* Products */;
			projectDirPath = "";
			projectRoot = "";
			targets = (
				3F70769B20FA009100379EBD /* iTunesSearch */,
				3F7076AF20FA009200379EBD /* iTunesSearchTests */,
				3F7076BA20FA009300379EBD /* iTunesSearchUITests */,
			);
		};
/* End PBXProject section */

/* Begin PBXResourcesBuildPhase section */
		3F70769A20FA009100379EBD /* Resources */ = {
			isa = PBXResourcesBuildPhase;
			buildActionMask = 2147483647;
			files = (
				3F7076AA20FA009200379EBD /* LaunchScreen.storyboard in Resources */,
				3F833A4F20FED8D1007FAA6B /* Localizable.strings in Resources */,
				3F7076A720FA009200379EBD /* Assets.xcassets in Resources */,
				3F7076A520FA009100379EBD /* Main.storyboard in Resources */,
			);
			runOnlyForDeploymentPostprocessing = 0;
		};
		3F7076AE20FA009200379EBD /* Resources */ = {
			isa = PBXResourcesBuildPhase;
			buildActionMask = 2147483647;
			files = (
			);
			runOnlyForDeploymentPostprocessing = 0;
		};
		3F7076B920FA009300379EBD /* Resources */ = {
			isa = PBXResourcesBuildPhase;
			buildActionMask = 2147483647;
			files = (
			);
			runOnlyForDeploymentPostprocessing = 0;
		};
/* End PBXResourcesBuildPhase section */

/* Begin PBXSourcesBuildPhase section */
		3F70769820FA009100379EBD /* Sources */ = {
			isa = PBXSourcesBuildPhase;
			buildActionMask = 2147483647;
			files = (
				3F7076E320FB64EF00379EBD /* UserDefaultsHelper.swift in Sources */,
				3F7076A220FA009100379EBD /* MainViewController.swift in Sources */,
				3F7076EF20FB99D200379EBD /* SearchDataService.swift in Sources */,
				3F7076F320FB9DD300379EBD /* Response.swift in Sources */,
				3F833A4820FE97BB007FAA6B /* DetailViewController.swift in Sources */,
				3F7076DE20FB614900379EBD /* JSONSerializable.swift in Sources */,
				3F833A4620FE89D8007FAA6B /* ImageUtility.swift in Sources */,
				3F7076A020FA009100379EBD /* AppDelegate.swift in Sources */,
				3F7076F720FD4D3000379EBD /* Extensions.swift in Sources */,
				3F7076F120FB9C3800379EBD /* ResultItem.swift in Sources */,
				3F833A4A20FEB9AE007FAA6B /* DateTimeUtils.swift in Sources */,
				3F7076E520FB680300379EBD /* Enums.swift in Sources */,
				3F7076D220FA094600379EBD /* SearchCollectionViewCell.swift in Sources */,
				3F7076EC20FB94E700379EBD /* Constants.swift in Sources */,
			);
			runOnlyForDeploymentPostprocessing = 0;
		};
		3F7076AC20FA009200379EBD /* Sources */ = {
			isa = PBXSourcesBuildPhase;
			buildActionMask = 2147483647;
			files = (
				3F7076B520FA009200379EBD /* iTunesSearchTests.swift in Sources */,
			);
			runOnlyForDeploymentPostprocessing = 0;
		};
		3F7076B720FA009300379EBD /* Sources */ = {
			isa = PBXSourcesBuildPhase;
			buildActionMask = 2147483647;
			files = (
				3F7076C020FA009300379EBD /* iTunesSearchUITests.swift in Sources */,
			);
			runOnlyForDeploymentPostprocessing = 0;
		};
/* End PBXSourcesBuildPhase section */

/* Begin PBXTargetDependency section */
		3F7076B220FA009200379EBD /* PBXTargetDependency */ = {
			isa = PBXTargetDependency;
			target = 3F70769B20FA009100379EBD /* iTunesSearch */;
			targetProxy = 3F7076B120FA009200379EBD /* PBXContainerItemProxy */;
		};
		3F7076BD20FA009300379EBD /* PBXTargetDependency */ = {
			isa = PBXTargetDependency;
			target = 3F70769B20FA009100379EBD /* iTunesSearch */;
			targetProxy = 3F7076BC20FA009300379EBD /* PBXContainerItemProxy */;
		};
/* End PBXTargetDependency section */

/* Begin PBXVariantGroup section */
		3F7076A320FA009100379EBD /* Main.storyboard */ = {
			isa = PBXVariantGroup;
			children = (
				3F7076A420FA009100379EBD /* Base */,
			);
			name = Main.storyboard;
			sourceTree = "<group>";
		};
		3F7076A820FA009200379EBD /* LaunchScreen.storyboard */ = {
			isa = PBXVariantGroup;
			children = (
				3F7076A920FA009200379EBD /* Base */,
			);
			name = LaunchScreen.storyboard;
			sourceTree = "<group>";
		};
		3F833A4D20FED8D1007FAA6B /* Localizable.strings */ = {
			isa = PBXVariantGroup;
			children = (
				3F833A4E20FED8D1007FAA6B /* Base */,
			);
			name = Localizable.strings;
			sourceTree = "<group>";
		};
/* End PBXVariantGroup section */

/* Begin XCBuildConfiguration section */
		3F7076C220FA009300379EBD /* Debug */ = {
			isa = XCBuildConfiguration;
			buildSettings = {
				ALWAYS_SEARCH_USER_PATHS = NO;
				CLANG_ANALYZER_NONNULL = YES;
				CLANG_ANALYZER_NUMBER_OBJECT_CONVERSION = YES_AGGRESSIVE;
				CLANG_CXX_LANGUAGE_STANDARD = "gnu++14";
				CLANG_CXX_LIBRARY = "libc++";
				CLANG_ENABLE_MODULES = YES;
				CLANG_ENABLE_OBJC_ARC = YES;
				CLANG_ENABLE_OBJC_WEAK = YES;
				CLANG_WARN_BLOCK_CAPTURE_AUTORELEASING = YES;
				CLANG_WARN_BOOL_CONVERSION = YES;
				CLANG_WARN_COMMA = YES;
				CLANG_WARN_CONSTANT_CONVERSION = YES;
				CLANG_WARN_DEPRECATED_OBJC_IMPLEMENTATIONS = YES;
				CLANG_WARN_DIRECT_OBJC_ISA_USAGE = YES_ERROR;
				CLANG_WARN_DOCUMENTATION_COMMENTS = YES;
				CLANG_WARN_EMPTY_BODY = YES;
				CLANG_WARN_ENUM_CONVERSION = YES;
				CLANG_WARN_INFINITE_RECURSION = YES;
				CLANG_WARN_INT_CONVERSION = YES;
				CLANG_WARN_NON_LITERAL_NULL_CONVERSION = YES;
				CLANG_WARN_OBJC_IMPLICIT_RETAIN_SELF = YES;
				CLANG_WARN_OBJC_LITERAL_CONVERSION = YES;
				CLANG_WARN_OBJC_ROOT_CLASS = YES_ERROR;
				CLANG_WARN_RANGE_LOOP_ANALYSIS = YES;
				CLANG_WARN_STRICT_PROTOTYPES = YES;
				CLANG_WARN_SUSPICIOUS_MOVE = YES;
				CLANG_WARN_UNGUARDED_AVAILABILITY = YES_AGGRESSIVE;
				CLANG_WARN_UNREACHABLE_CODE = YES;
				CLANG_WARN__DUPLICATE_METHOD_MATCH = YES;
				CODE_SIGN_IDENTITY = "iPhone Developer";
				COPY_PHASE_STRIP = NO;
				DEBUG_INFORMATION_FORMAT = dwarf;
				ENABLE_STRICT_OBJC_MSGSEND = YES;
				ENABLE_TESTABILITY = YES;
				GCC_C_LANGUAGE_STANDARD = gnu11;
				GCC_DYNAMIC_NO_PIC = NO;
				GCC_NO_COMMON_BLOCKS = YES;
				GCC_OPTIMIZATION_LEVEL = 0;
				GCC_PREPROCESSOR_DEFINITIONS = (
					"DEBUG=1",
					"$(inherited)",
				);
				GCC_WARN_64_TO_32_BIT_CONVERSION = YES;
				GCC_WARN_ABOUT_RETURN_TYPE = YES_ERROR;
				GCC_WARN_UNDECLARED_SELECTOR = YES;
				GCC_WARN_UNINITIALIZED_AUTOS = YES_AGGRESSIVE;
				GCC_WARN_UNUSED_FUNCTION = YES;
				GCC_WARN_UNUSED_VARIABLE = YES;
				IPHONEOS_DEPLOYMENT_TARGET = 9.0;
				MTL_ENABLE_DEBUG_INFO = YES;
				ONLY_ACTIVE_ARCH = YES;
				SDKROOT = iphoneos;
				SWIFT_ACTIVE_COMPILATION_CONDITIONS = DEBUG;
				SWIFT_OPTIMIZATION_LEVEL = "-Onone";
			};
			name = Debug;
		};
		3F7076C320FA009300379EBD /* Release */ = {
			isa = XCBuildConfiguration;
			buildSettings = {
				ALWAYS_SEARCH_USER_PATHS = NO;
				CLANG_ANALYZER_NONNULL = YES;
				CLANG_ANALYZER_NUMBER_OBJECT_CONVERSION = YES_AGGRESSIVE;
				CLANG_CXX_LANGUAGE_STANDARD = "gnu++14";
				CLANG_CXX_LIBRARY = "libc++";
				CLANG_ENABLE_MODULES = YES;
				CLANG_ENABLE_OBJC_ARC = YES;
				CLANG_ENABLE_OBJC_WEAK = YES;
				CLANG_WARN_BLOCK_CAPTURE_AUTORELEASING = YES;
				CLANG_WARN_BOOL_CONVERSION = YES;
				CLANG_WARN_COMMA = YES;
				CLANG_WARN_CONSTANT_CONVERSION = YES;
				CLANG_WARN_DEPRECATED_OBJC_IMPLEMENTATIONS = YES;
				CLANG_WARN_DIRECT_OBJC_ISA_USAGE = YES_ERROR;
				CLANG_WARN_DOCUMENTATION_COMMENTS = YES;
				CLANG_WARN_EMPTY_BODY = YES;
				CLANG_WARN_ENUM_CONVERSION = YES;
				CLANG_WARN_INFINITE_RECURSION = YES;
				CLANG_WARN_INT_CONVERSION = YES;
				CLANG_WARN_NON_LITERAL_NULL_CONVERSION = YES;
				CLANG_WARN_OBJC_IMPLICIT_RETAIN_SELF = YES;
				CLANG_WARN_OBJC_LITERAL_CONVERSION = YES;
				CLANG_WARN_OBJC_ROOT_CLASS = YES_ERROR;
				CLANG_WARN_RANGE_LOOP_ANALYSIS = YES;
				CLANG_WARN_STRICT_PROTOTYPES = YES;
				CLANG_WARN_SUSPICIOUS_MOVE = YES;
				CLANG_WARN_UNGUARDED_AVAILABILITY = YES_AGGRESSIVE;
				CLANG_WARN_UNREACHABLE_CODE = YES;
				CLANG_WARN__DUPLICATE_METHOD_MATCH = YES;
				CODE_SIGN_IDENTITY = "iPhone Developer";
				COPY_PHASE_STRIP = NO;
				DEBUG_INFORMATION_FORMAT = "dwarf-with-dsym";
				ENABLE_NS_ASSERTIONS = NO;
				ENABLE_STRICT_OBJC_MSGSEND = YES;
				GCC_C_LANGUAGE_STANDARD = gnu11;
				GCC_NO_COMMON_BLOCKS = YES;
				GCC_WARN_64_TO_32_BIT_CONVERSION = YES;
				GCC_WARN_ABOUT_RETURN_TYPE = YES_ERROR;
				GCC_WARN_UNDECLARED_SELECTOR = YES;
				GCC_WARN_UNINITIALIZED_AUTOS = YES_AGGRESSIVE;
				GCC_WARN_UNUSED_FUNCTION = YES;
				GCC_WARN_UNUSED_VARIABLE = YES;
				IPHONEOS_DEPLOYMENT_TARGET = 9.0;
				MTL_ENABLE_DEBUG_INFO = NO;
				SDKROOT = iphoneos;
				SWIFT_COMPILATION_MODE = wholemodule;
				SWIFT_OPTIMIZATION_LEVEL = "-O";
				VALIDATE_PRODUCT = YES;
			};
			name = Release;
		};
		3F7076C520FA009300379EBD /* Debug */ = {
			isa = XCBuildConfiguration;
			buildSettings = {
				ASSETCATALOG_COMPILER_APPICON_NAME = AppIcon;
				CODE_SIGN_STYLE = Automatic;
				DEVELOPMENT_TEAM = M69JXJ5XR6;
				INFOPLIST_FILE = iTunesSearch/Info.plist;
				IPHONEOS_DEPLOYMENT_TARGET = 9.0;
				LD_RUNPATH_SEARCH_PATHS = (
					"$(inherited)",
					"@executable_path/Frameworks",
				);
				PRODUCT_BUNDLE_IDENTIFIER = com.mc.iTunesSearch;
				PRODUCT_NAME = "$(TARGET_NAME)";
				SWIFT_VERSION = 4.0;
				TARGETED_DEVICE_FAMILY = "1,2";
			};
			name = Debug;
		};
		3F7076C620FA009300379EBD /* Release */ = {
			isa = XCBuildConfiguration;
			buildSettings = {
				ASSETCATALOG_COMPILER_APPICON_NAME = AppIcon;
				CODE_SIGN_STYLE = Automatic;
				DEVELOPMENT_TEAM = M69JXJ5XR6;
				INFOPLIST_FILE = iTunesSearch/Info.plist;
				IPHONEOS_DEPLOYMENT_TARGET = 9.0;
				LD_RUNPATH_SEARCH_PATHS = (
					"$(inherited)",
					"@executable_path/Frameworks",
				);
				PRODUCT_BUNDLE_IDENTIFIER = com.mc.iTunesSearch;
				PRODUCT_NAME = "$(TARGET_NAME)";
				SWIFT_VERSION = 4.0;
				TARGETED_DEVICE_FAMILY = "1,2";
			};
			name = Release;
		};
		3F7076C820FA009300379EBD /* Debug */ = {
			isa = XCBuildConfiguration;
			buildSettings = {
				ALWAYS_EMBED_SWIFT_STANDARD_LIBRARIES = YES;
				BUNDLE_LOADER = "$(TEST_HOST)";
				CODE_SIGN_STYLE = Automatic;
				DEVELOPMENT_TEAM = M69JXJ5XR6;
				INFOPLIST_FILE = iTunesSearchTests/Info.plist;
				LD_RUNPATH_SEARCH_PATHS = (
					"$(inherited)",
					"@executable_path/Frameworks",
					"@loader_path/Frameworks",
				);
				PRODUCT_BUNDLE_IDENTIFIER = com.mc.iTunesSearchTests;
				PRODUCT_NAME = "$(TARGET_NAME)";
				SWIFT_VERSION = 4.0;
				TARGETED_DEVICE_FAMILY = "1,2";
				TEST_HOST = "$(BUILT_PRODUCTS_DIR)/iTunesSearch.app/iTunesSearch";
			};
			name = Debug;
		};
		3F7076C920FA009300379EBD /* Release */ = {
			isa = XCBuildConfiguration;
			buildSettings = {
				ALWAYS_EMBED_SWIFT_STANDARD_LIBRARIES = YES;
				BUNDLE_LOADER = "$(TEST_HOST)";
				CODE_SIGN_STYLE = Automatic;
				DEVELOPMENT_TEAM = M69JXJ5XR6;
				INFOPLIST_FILE = iTunesSearchTests/Info.plist;
				LD_RUNPATH_SEARCH_PATHS = (
					"$(inherited)",
					"@executable_path/Frameworks",
					"@loader_path/Frameworks",
				);
				PRODUCT_BUNDLE_IDENTIFIER = com.mc.iTunesSearchTests;
				PRODUCT_NAME = "$(TARGET_NAME)";
				SWIFT_VERSION = 4.0;
				TARGETED_DEVICE_FAMILY = "1,2";
				TEST_HOST = "$(BUILT_PRODUCTS_DIR)/iTunesSearch.app/iTunesSearch";
			};
			name = Release;
		};
		3F7076CB20FA009300379EBD /* Debug */ = {
			isa = XCBuildConfiguration;
			buildSettings = {
				ALWAYS_EMBED_SWIFT_STANDARD_LIBRARIES = YES;
				CODE_SIGN_STYLE = Automatic;
				DEVELOPMENT_TEAM = M69JXJ5XR6;
				INFOPLIST_FILE = iTunesSearchUITests/Info.plist;
				LD_RUNPATH_SEARCH_PATHS = (
					"$(inherited)",
					"@executable_path/Frameworks",
					"@loader_path/Frameworks",
				);
				PRODUCT_BUNDLE_IDENTIFIER = com.mc.iTunesSearchUITests;
				PRODUCT_NAME = "$(TARGET_NAME)";
				SWIFT_VERSION = 4.0;
				TARGETED_DEVICE_FAMILY = "1,2";
				TEST_TARGET_NAME = iTunesSearch;
			};
			name = Debug;
		};
		3F7076CC20FA009300379EBD /* Release */ = {
			isa = XCBuildConfiguration;
			buildSettings = {
				ALWAYS_EMBED_SWIFT_STANDARD_LIBRARIES = YES;
				CODE_SIGN_STYLE = Automatic;
				DEVELOPMENT_TEAM = M69JXJ5XR6;
				INFOPLIST_FILE = iTunesSearchUITests/Info.plist;
				LD_RUNPATH_SEARCH_PATHS = (
					"$(inherited)",
					"@executable_path/Frameworks",
					"@loader_path/Frameworks",
				);
				PRODUCT_BUNDLE_IDENTIFIER = com.mc.iTunesSearchUITests;
				PRODUCT_NAME = "$(TARGET_NAME)";
				SWIFT_VERSION = 4.0;
				TARGETED_DEVICE_FAMILY = "1,2";
				TEST_TARGET_NAME = iTunesSearch;
			};
			name = Release;
		};
/* End XCBuildConfiguration section */

/* Begin XCConfigurationList section */
		3F70769720FA009100379EBD /* Build configuration list for PBXProject "iTunesSearch" */ = {
			isa = XCConfigurationList;
			buildConfigurations = (
				3F7076C220FA009300379EBD /* Debug */,
				3F7076C320FA009300379EBD /* Release */,
			);
			defaultConfigurationIsVisible = 0;
			defaultConfigurationName = Release;
		};
		3F7076C420FA009300379EBD /* Build configuration list for PBXNativeTarget "iTunesSearch" */ = {
			isa = XCConfigurationList;
			buildConfigurations = (
				3F7076C520FA009300379EBD /* Debug */,
				3F7076C620FA009300379EBD /* Release */,
			);
			defaultConfigurationIsVisible = 0;
			defaultConfigurationName = Release;
		};
		3F7076C720FA009300379EBD /* Build configuration list for PBXNativeTarget "iTunesSearchTests" */ = {
			isa = XCConfigurationList;
			buildConfigurations = (
				3F7076C820FA009300379EBD /* Debug */,
				3F7076C920FA009300379EBD /* Release */,
			);
			defaultConfigurationIsVisible = 0;
			defaultConfigurationName = Release;
		};
		3F7076CA20FA009300379EBD /* Build configuration list for PBXNativeTarget "iTunesSearchUITests" */ = {
			isa = XCConfigurationList;
			buildConfigurations = (
				3F7076CB20FA009300379EBD /* Debug */,
				3F7076CC20FA009300379EBD /* Release */,
			);
			defaultConfigurationIsVisible = 0;
			defaultConfigurationName = Release;
		};
/* End XCConfigurationList section */
	};
	rootObject = 3F70769420FA009100379EBD /* Project object */;
}
